
Microsoft Visual Studio Solution File, Format Version 12.00
# Visual Studio Version 17
VisualStudioVersion = 17.2.32616.157
MinimumVisualStudioVersion = 10.0.40219.1
Project("{2150E333-8FDC-42A3-9474-1A3956D46DE8}") = "Services", "Services", "{B1C0E7BB-8196-4E8F-91B8-800B354C46CF}"
EndProject
Project("{2150E333-8FDC-42A3-9474-1A3956D46DE8}") = "ContactService", "ContactService", "{EAA4A8A4-9336-431D-9620-3B952087D9F8}"
EndProject
Project("{2150E333-8FDC-42A3-9474-1A3956D46DE8}") = "ReportService", "ReportService", "{AA0A5345-02A1-46E1-BEFB-098AA941C54D}"
EndProject
Project("{9A19103F-16F7-4668-BE54-9A1E7A4F7556}") = "Directory.ContactService.DataAccess", "Directory.Contact.DataAccessLayer\Directory.ContactService.DataAccess.csproj", "{6D4AE0F7-DDA9-459B-AB43-8CA1D11AE051}"
EndProject
Project("{9A19103F-16F7-4668-BE54-9A1E7A4F7556}") = "Directory.ReportService.DataAccess", "Directory.Report.DataAccessLayer\Directory.ReportService.DataAccess.csproj", "{B4627BBB-1B16-481E-9ED3-3FB123F3B337}"
EndProject
Project("{9A19103F-16F7-4668-BE54-9A1E7A4F7556}") = "Directory.ContactService.Business", "Directory.Contact.Business\Directory.ContactService.Business.csproj", "{D55DF3EA-C2DD-4FA9-81CB-C4D0A654757A}"
EndProject
Project("{2150E333-8FDC-42A3-9474-1A3956D46DE8}") = "APIGateway", "APIGateway", "{D83BB1B2-A1C0-4834-8A53-683E0B294887}"
EndProject
Project("{FAE04EC0-301F-11D3-BF4B-00C04F79EFBC}") = "Directory.APIGateway", "APIGateway1\Directory.APIGateway.csproj", "{6CCBA622-4EAD-4FDB-94C4-A5082C2B16B4}"
EndProject
Project("{FAE04EC0-301F-11D3-BF4B-00C04F79EFBC}") = "Directory.ContactService.Prensentation", "Directory.ContactService.Prensentation\Directory.ContactService.Prensentation.csproj", "{CA237EE5-FA6E-4521-9BF9-631764EC0BE7}"
EndProject
Project("{FAE04EC0-301F-11D3-BF4B-00C04F79EFBC}") = "Directory.ReportService.Business", "Directory.ReportService.Business\Directory.ReportService.Business.csproj", "{4493EC98-6C39-43E9-BA14-1B84A259AC12}"
EndProject
Project("{FAE04EC0-301F-11D3-BF4B-00C04F79EFBC}") = "Directory.ReportService.Presentation", "Directory.ReportService.Presentation\Directory.ReportService.Presentation.csproj", "{ABCCB382-FE57-40CB-8C31-CCF040E64FAE}"
EndProject
Global
	GlobalSection(SolutionConfigurationPlatforms) = preSolution
		Debug|Any CPU = Debug|Any CPU
		Release|Any CPU = Release|Any CPU
	EndGlobalSection
	GlobalSection(ProjectConfigurationPlatforms) = postSolution
		{6D4AE0F7-DDA9-459B-AB43-8CA1D11AE051}.Debug|Any CPU.ActiveCfg = Debug|Any CPU
		{6D4AE0F7-DDA9-459B-AB43-8CA1D11AE051}.Debug|Any CPU.Build.0 = Debug|Any CPU
		{6D4AE0F7-DDA9-459B-AB43-8CA1D11AE051}.Release|Any CPU.ActiveCfg = Release|Any CPU
		{6D4AE0F7-DDA9-459B-AB43-8CA1D11AE051}.Release|Any CPU.Build.0 = Release|Any CPU
		{B4627BBB-1B16-481E-9ED3-3FB123F3B337}.Debug|Any CPU.ActiveCfg = Debug|Any CPU
		{B4627BBB-1B16-481E-9ED3-3FB123F3B337}.Debug|Any CPU.Build.0 = Debug|Any CPU
		{B4627BBB-1B16-481E-9ED3-3FB123F3B337}.Release|Any CPU.ActiveCfg = Release|Any CPU
		{B4627BBB-1B16-481E-9ED3-3FB123F3B337}.Release|Any CPU.Build.0 = Release|Any CPU
		{D55DF3EA-C2DD-4FA9-81CB-C4D0A654757A}.Debug|Any CPU.ActiveCfg = Debug|Any CPU
		{D55DF3EA-C2DD-4FA9-81CB-C4D0A654757A}.Debug|Any CPU.Build.0 = Debug|Any CPU
		{D55DF3EA-C2DD-4FA9-81CB-C4D0A654757A}.Release|Any CPU.ActiveCfg = Release|Any CPU
		{D55DF3EA-C2DD-4FA9-81CB-C4D0A654757A}.Release|Any CPU.Build.0 = Release|Any CPU
		{6CCBA622-4EAD-4FDB-94C4-A5082C2B16B4}.Debug|Any CPU.ActiveCfg = Debug|Any CPU
		{6CCBA622-4EAD-4FDB-94C4-A5082C2B16B4}.Debug|Any CPU.Build.0 = Debug|Any CPU
		{6CCBA622-4EAD-4FDB-94C4-A5082C2B16B4}.Release|Any CPU.ActiveCfg = Release|Any CPU
		{6CCBA622-4EAD-4FDB-94C4-A5082C2B16B4}.Release|Any CPU.Build.0 = Release|Any CPU
		{CA237EE5-FA6E-4521-9BF9-631764EC0BE7}.Debug|Any CPU.ActiveCfg = Debug|Any CPU
		{CA237EE5-FA6E-4521-9BF9-631764EC0BE7}.Debug|Any CPU.Build.0 = Debug|Any CPU
		{CA237EE5-FA6E-4521-9BF9-631764EC0BE7}.Release|Any CPU.ActiveCfg = Release|Any CPU
		{CA237EE5-FA6E-4521-9BF9-631764EC0BE7}.Release|Any CPU.Build.0 = Release|Any CPU
		{4493EC98-6C39-43E9-BA14-1B84A259AC12}.Debug|Any CPU.ActiveCfg = Debug|Any CPU
		{4493EC98-6C39-43E9-BA14-1B84A259AC12}.Debug|Any CPU.Build.0 = Debug|Any CPU
		{4493EC98-6C39-43E9-BA14-1B84A259AC12}.Release|Any CPU.ActiveCfg = Release|Any CPU
		{4493EC98-6C39-43E9-BA14-1B84A259AC12}.Release|Any CPU.Build.0 = Release|Any CPU
		{ABCCB382-FE57-40CB-8C31-CCF040E64FAE}.Debug|Any CPU.ActiveCfg = Debug|Any CPU
		{ABCCB382-FE57-40CB-8C31-CCF040E64FAE}.Debug|Any CPU.Build.0 = Debug|Any CPU
		{ABCCB382-FE57-40CB-8C31-CCF040E64FAE}.Release|Any CPU.ActiveCfg = Release|Any CPU
		{ABCCB382-FE57-40CB-8C31-CCF040E64FAE}.Release|Any CPU.Build.0 = Release|Any CPU
	EndGlobalSection
	GlobalSection(SolutionProperties) = preSolution
		HideSolutionNode = FALSE
	EndGlobalSection
	GlobalSection(NestedProjects) = preSolution
		{EAA4A8A4-9336-431D-9620-3B952087D9F8} = {B1C0E7BB-8196-4E8F-91B8-800B354C46CF}
		{AA0A5345-02A1-46E1-BEFB-098AA941C54D} = {B1C0E7BB-8196-4E8F-91B8-800B354C46CF}
		{6D4AE0F7-DDA9-459B-AB43-8CA1D11AE051} = {EAA4A8A4-9336-431D-9620-3B952087D9F8}
		{B4627BBB-1B16-481E-9ED3-3FB123F3B337} = {AA0A5345-02A1-46E1-BEFB-098AA941C54D}
		{D55DF3EA-C2DD-4FA9-81CB-C4D0A654757A} = {EAA4A8A4-9336-431D-9620-3B952087D9F8}
		{6CCBA622-4EAD-4FDB-94C4-A5082C2B16B4} = {D83BB1B2-A1C0-4834-8A53-683E0B294887}
		{CA237EE5-FA6E-4521-9BF9-631764EC0BE7} = {EAA4A8A4-9336-431D-9620-3B952087D9F8}
		{4493EC98-6C39-43E9-BA14-1B84A259AC12} = {AA0A5345-02A1-46E1-BEFB-098AA941C54D}
		{ABCCB382-FE57-40CB-8C31-CCF040E64FAE} = {AA0A5345-02A1-46E1-BEFB-098AA941C54D}
	EndGlobalSection
	GlobalSection(ExtensibilityGlobals) = postSolution
		SolutionGuid = {C879585B-2C25-4815-A57A-E8BCB847CEA8}
	EndGlobalSection
EndGlobal
